<?xml version="1.0" encoding="utf-8"?>
<Project ToolsVersion="4.0" xmlns="http://schemas.microsoft.com/developer/msbuild/2003">
  <ItemGroup>
    <Filter Include="Resource Files">
      <UniqueIdentifier>{67DA6AB6-F800-4c08-8B7A-83BB121AAD01}</UniqueIdentifier>
      <Extensions>rc;ico;cur;bmp;dlg;rc2;rct;bin;rgs;gif;jpg;jpeg;jpe;resx;tiff;tif;png;wav;mfcribbon-ms</Extensions>
    </Filter>
    <Filter Include="Resource Files\example">
      <UniqueIdentifier>{8b04c3b0-3b5b-4f9a-add9-f54abc0118ed}</UniqueIdentifier>
    </Filter>
    <Filter Include="Resource Files\engine">
      <UniqueIdentifier>{972ca6b5-b566-47a1-b6e5-5cd538d7268c}</UniqueIdentifier>
    </Filter>
    <Filter Include="Resource Files\engine\emoji">
      <UniqueIdentifier>{c78472e3-c4e0-4506-9bf9-9472da31c6ad}</UniqueIdentifier>
    </Filter>
    <Filter Include="Resource Files\engine\font">
      <UniqueIdentifier>{ce7c63eb-41c4-4772-8a5e-d693e6bd0941}</UniqueIdentifier>
    </Filter>
    <Filter Include="Resource Files\engine\shader">
      <UniqueIdentifier>{e1d14020-7d02-42c7-8b66-f3b6ad353f1b}</UniqueIdentifier>
    </Filter>
    <Filter Include="Resource Files\engine\texture">
      <UniqueIdentifier>{aae3423c-3e89-49de-a0a9-fe3b2894757f}</UniqueIdentifier>
    </Filter>
    <Filter Include="Resource Files\engine\font\fontawesome">
      <UniqueIdentifier>{da508b0f-cfdf-4e4d-aeda-47be86a1bcb3}</UniqueIdentifier>
    </Filter>
    <Filter Include="Resource Files\engine\font\mplus">
      <UniqueIdentifier>{2902a225-0400-46b0-b372-4af9b723a698}</UniqueIdentifier>
    </Filter>
    <Filter Include="Resource Files\engine\font\noto">
      <UniqueIdentifier>{35772d4b-7a5b-4b92-af70-a7fde678b554}</UniqueIdentifier>
    </Filter>
    <Filter Include="Resource Files\engine\texture\box-shadow">
      <UniqueIdentifier>{cb012b1d-99ec-4d07-9383-ca0c0dc07cdc}</UniqueIdentifier>
    </Filter>
    <Filter Include="Resource Files\engine\objdetect">
      <UniqueIdentifier>{84ef0b75-f6af-436f-999c-73dc7a6f5bef}</UniqueIdentifier>
    </Filter>
    <Filter Include="Resource Files\engine\soundfont">
      <UniqueIdentifier>{15aded12-f7a3-43d1-8511-e4ad812b7816}</UniqueIdentifier>
    </Filter>
    <Filter Include="Resource Files\engine\objdetect\haarcascade">
      <UniqueIdentifier>{e3d7a277-272a-4561-b375-8f74e98bcfeb}</UniqueIdentifier>
    </Filter>
    <Filter Include="Resource Files\nlp">
      <UniqueIdentifier>{f79e2386-3308-4bd4-a299-cff6f0a3371d}</UniqueIdentifier>
    </Filter>
    <Filter Include="Resource Files\nlp\japanese">
      <UniqueIdentifier>{29db51bf-7ada-4ec7-bd32-8340162a8797}</UniqueIdentifier>
    </Filter>
    <Filter Include="Resource Files\nlp\japanese\jumanpp">
      <UniqueIdentifier>{f6fe2a89-c647-48e2-bb2c-27b03b1aeced}</UniqueIdentifier>
    </Filter>
    <Filter Include="Resource Files\example\font">
      <UniqueIdentifier>{e011e289-148f-4f61-b178-75bd63133a24}</UniqueIdentifier>
    </Filter>
    <Filter Include="Resource Files\example\font\AnnyantRoman">
      <UniqueIdentifier>{54d1e03d-1d02-4bca-a045-a73de6bc8102}</UniqueIdentifier>
    </Filter>
    <Filter Include="Resource Files\example\font\NotoSansCJKjp">
      <UniqueIdentifier>{ec80af61-28a4-433a-aa04-102d099f524d}</UniqueIdentifier>
    </Filter>
    <Filter Include="Resource Files\example\font\Pecita">
      <UniqueIdentifier>{59c8b538-0125-4cbe-8ad8-2d327d00f708}</UniqueIdentifier>
    </Filter>
    <Filter Include="Resource Files\example\script">
      <UniqueIdentifier>{6d671c66-2133-4626-a10a-1a199c017c5d}</UniqueIdentifier>
    </Filter>
    <Filter Include="Resource Files\example\svm">
      <UniqueIdentifier>{efc7c679-c387-43b2-93ed-b6e6ccbcd1a0}</UniqueIdentifier>
    </Filter>
    <Filter Include="Resource Files\example\shader">
      <UniqueIdentifier>{2bcb9a5f-7580-4d6a-bd0b-1f8e16a14f36}</UniqueIdentifier>
    </Filter>
    <Filter Include="Resource Files\example\shader\2d">
      <UniqueIdentifier>{0b9673e5-5c13-4129-84ac-1a71a27b3f31}</UniqueIdentifier>
    </Filter>
    <Filter Include="Resource Files\example\config">
      <UniqueIdentifier>{89c12675-1e86-4726-8c52-108fd67b62e5}</UniqueIdentifier>
    </Filter>
    <Filter Include="Src">
      <UniqueIdentifier>{48ed7788-b333-4c71-90f3-916d541b916d}</UniqueIdentifier>
    </Filter>
    <Filter Include="Src\Event">
      <UniqueIdentifier>{4aa4b541-a481-4e4b-bcfa-b6d5165ff840}</UniqueIdentifier>
    </Filter>
    <Filter Include="Src\Event\Event">
      <UniqueIdentifier>{b3e4cef7-62bf-4ebe-b16c-a00413566cec}</UniqueIdentifier>
    </Filter>
    <Filter Include="Src\Event\Object">
      <UniqueIdentifier>{80a34c64-4711-4079-a907-7b02298f2160}</UniqueIdentifier>
    </Filter>
    <Filter Include="Src\Event\Scene">
      <UniqueIdentifier>{f1db6552-d971-4ac8-a5f2-b725a7e26271}</UniqueIdentifier>
    </Filter>
    <Filter Include="Src\Input">
      <UniqueIdentifier>{5f177b28-f307-4413-8e27-3c0aa5fe452e}</UniqueIdentifier>
    </Filter>
    <Filter Include="Src\Load">
      <UniqueIdentifier>{e84fe7d8-ea51-4618-8b56-d84dd697c744}</UniqueIdentifier>
    </Filter>
    <Filter Include="Src\Record">
      <UniqueIdentifier>{973a28a6-c182-47ce-b6e0-080e164b8c7d}</UniqueIdentifier>
    </Filter>
    <Filter Include="Src\Slice">
      <UniqueIdentifier>{5ce3fca5-b570-4340-a78d-4345bc70b6ff}</UniqueIdentifier>
    </Filter>
    <Filter Include="Src\Title">
      <UniqueIdentifier>{e1271d3e-4ba7-4a77-8089-bc7f98d74bf5}</UniqueIdentifier>
    </Filter>
    <Filter Include="Src\Event\TextBox">
      <UniqueIdentifier>{dfd0dab3-e358-425e-a49a-019c28a04798}</UniqueIdentifier>
    </Filter>
    <Filter Include="Src\Adventure">
      <UniqueIdentifier>{ea5525d8-c5e0-4f97-8065-9a127d19f2ef}</UniqueIdentifier>
    </Filter>
    <Filter Include="Src\Adventure\Scene">
      <UniqueIdentifier>{f8a7a371-5fbe-41cf-a775-32d40eda6925}</UniqueIdentifier>
    </Filter>
    <Filter Include="Src\Adventure\Window">
      <UniqueIdentifier>{56644763-3d18-4171-8b47-87e676ce9e2a}</UniqueIdentifier>
    </Filter>
    <Filter Include="Src\Game">
      <UniqueIdentifier>{d472ad21-8012-40d9-b0de-a536913f0e93}</UniqueIdentifier>
    </Filter>
    <Filter Include="Src\Game\StageData">
      <UniqueIdentifier>{e0c6193f-43d1-4655-9beb-79f99fee1bb6}</UniqueIdentifier>
    </Filter>
    <Filter Include="Src\Game\Scene">
      <UniqueIdentifier>{19c0b254-6085-41e7-9718-0c06bfc9d0ea}</UniqueIdentifier>
    </Filter>
    <Filter Include="Src\Game\Object">
      <UniqueIdentifier>{f5cd392c-7406-47cd-9bf6-69cec571a1d5}</UniqueIdentifier>
    </Filter>
    <Filter Include="Src\Game\Object\Player">
      <UniqueIdentifier>{d76aef70-9ee3-4dfa-8dbb-f287df569320}</UniqueIdentifier>
    </Filter>
    <Filter Include="Src\Game\Object\Enemy">
      <UniqueIdentifier>{4273538c-9ca3-4c41-825f-9408c9b1cf43}</UniqueIdentifier>
    </Filter>
    <Filter Include="Src\Game\Object\Light">
      <UniqueIdentifier>{698d26ae-0d5e-450c-a5bb-a2c5725686eb}</UniqueIdentifier>
    </Filter>
    <Filter Include="Src\Game\Object\Attack">
      <UniqueIdentifier>{89e6c875-b05b-426d-b044-3eeedf4104a6}</UniqueIdentifier>
    </Filter>
    <Filter Include="Src\Cassette">
      <UniqueIdentifier>{8ea92625-0652-4589-b45d-1a6963e6bed8}</UniqueIdentifier>
    </Filter>
    <Filter Include="Src\Cassette\Cassette">
      <UniqueIdentifier>{e5c4f72f-29c7-41ea-97d9-39941ea10299}</UniqueIdentifier>
    </Filter>
    <Filter Include="Src\Game\PlayerSpeed">
      <UniqueIdentifier>{33a1e5b9-765d-46c8-9487-5bc1d0d2eb88}</UniqueIdentifier>
    </Filter>
    <Filter Include="Src\Adventure\Window\CassetteView">
      <UniqueIdentifier>{32a70802-9c5d-4036-bb26-a5dd70b1a072}</UniqueIdentifier>
    </Filter>
    <Filter Include="Src\Game\Object\Goal">
      <UniqueIdentifier>{0a3897d0-f245-49cd-aab6-00a06273f609}</UniqueIdentifier>
    </Filter>
    <Filter Include="Src\Game\State">
      <UniqueIdentifier>{7c17708b-7f7c-416e-88d6-57e5c04dea8f}</UniqueIdentifier>
    </Filter>
    <Filter Include="Src\Game\Object\Hole">
      <UniqueIdentifier>{1d5e6a0c-44ba-451f-9fae-8c828efd90e7}</UniqueIdentifier>
    </Filter>
  </ItemGroup>
  <ItemGroup>
    <Image Include="App\icon.ico">
      <Filter>Resource Files</Filter>
    </Image>
    <Image Include="App\engine\texture\box-shadow\128.png">
      <Filter>Resource Files\engine\texture\box-shadow</Filter>
    </Image>
    <Image Include="App\engine\texture\box-shadow\256.png">
      <Filter>Resource Files\engine\texture\box-shadow</Filter>
    </Image>
    <Image Include="App\engine\texture\box-shadow\8.png">
      <Filter>Resource Files\engine\texture\box-shadow</Filter>
    </Image>
    <Image Include="App\engine\texture\box-shadow\16.png">
      <Filter>Resource Files\engine\texture\box-shadow</Filter>
    </Image>
    <Image Include="App\engine\texture\box-shadow\32.png">
      <Filter>Resource Files\engine\texture\box-shadow</Filter>
    </Image>
    <Image Include="App\engine\texture\box-shadow\64.png">
      <Filter>Resource Files\engine\texture\box-shadow</Filter>
    </Image>
    <Image Include="App\example\particle.png">
      <Filter>Resource Files\example</Filter>
    </Image>
    <Image Include="App\example\siv3d-kun.png">
      <Filter>Resource Files\example</Filter>
    </Image>
    <Image Include="App\example\windmill.png">
      <Filter>Resource Files\example</Filter>
    </Image>
    <Image Include="App\example\bay.jpg">
      <Filter>Resource Files\example</Filter>
    </Image>
  </ItemGroup>
  <ItemGroup>
    <ResourceCompile Include="App\Resource.rc">
      <Filter>Resource Files</Filter>
    </ResourceCompile>
  </ItemGroup>
  <ItemGroup>
    <None Include="App\engine\emoji\noto7_dictionary.dat">
      <Filter>Resource Files\engine\emoji</Filter>
    </None>
    <None Include="App\nlp\japanese\jumanpp\LICENSE">
      <Filter>Resource Files\nlp\japanese\jumanpp</Filter>
    </None>
    <None Include="App\nlp\japanese\jumanpp\README.md">
      <Filter>Resource Files\nlp\japanese\jumanpp</Filter>
    </None>
    <None Include="App\engine\font\fontawesome\fontawesome-brands.otf.zstdcmp">
      <Filter>Resource Files\engine\font\fontawesome</Filter>
    </None>
    <None Include="App\engine\font\fontawesome\fontawesome-solid.otf.zstdcmp">
      <Filter>Resource Files\engine\font\fontawesome</Filter>
    </None>
    <None Include="App\engine\font\mplus\mplus-1p-light.ttf.zstdcmp">
      <Filter>Resource Files\engine\font\mplus</Filter>
    </None>
    <None Include="App\engine\font\mplus\mplus-1p-medium.ttf.zstdcmp">
      <Filter>Resource Files\engine\font\mplus</Filter>
    </None>
    <None Include="App\engine\font\mplus\mplus-1p-regular.ttf.zstdcmp">
      <Filter>Resource Files\engine\font\mplus</Filter>
    </None>
    <None Include="App\engine\font\mplus\mplus-1p-thin.ttf.zstdcmp">
      <Filter>Resource Files\engine\font\mplus</Filter>
    </None>
    <None Include="App\engine\font\mplus\LICENSE_E">
      <Filter>Resource Files\engine\font\mplus</Filter>
    </None>
    <None Include="App\engine\font\mplus\mplus-1p-black.ttf.zstdcmp">
      <Filter>Resource Files\engine\font\mplus</Filter>
    </None>
    <None Include="App\engine\font\mplus\mplus-1p-bold.ttf.zstdcmp">
      <Filter>Resource Files\engine\font\mplus</Filter>
    </None>
    <None Include="App\engine\font\mplus\mplus-1p-heavy.ttf.zstdcmp">
      <Filter>Resource Files\engine\font\mplus</Filter>
    </None>
    <None Include="App\engine\font\noto\NotoColorEmoji.ttf.zstdcmp">
      <Filter>Resource Files\engine\font\noto</Filter>
    </None>
    <None Include="App\engine\font\noto\NotoEmoji-Regular.ttf.zstdcmp">
      <Filter>Resource Files\engine\font\noto</Filter>
    </None>
    <None Include="App\engine\objdetect\haarcascade\eye_eyeglasses.xml.zstdcmp">
      <Filter>Resource Files\engine\objdetect\haarcascade</Filter>
    </None>
    <None Include="App\engine\objdetect\haarcascade\face_anime.xml.zstdcmp">
      <Filter>Resource Files\engine\objdetect\haarcascade</Filter>
    </None>
    <None Include="App\engine\objdetect\haarcascade\frontal_catface.xml.zstdcmp">
      <Filter>Resource Files\engine\objdetect\haarcascade</Filter>
    </None>
    <None Include="App\engine\objdetect\haarcascade\frontal_face_alt2.xml.zstdcmp">
      <Filter>Resource Files\engine\objdetect\haarcascade</Filter>
    </None>
    <None Include="App\engine\objdetect\haarcascade\eye.xml.zstdcmp">
      <Filter>Resource Files\engine\objdetect\haarcascade</Filter>
    </None>
    <None Include="App\engine\soundfont\GMGSx.sf2.zstdcmp">
      <Filter>Resource Files\engine\soundfont</Filter>
    </None>
    <None Include="App\example\font\NotoSansCJKjp\README">
      <Filter>Resource Files\example\font\NotoSansCJKjp</Filter>
    </None>
    <None Include="App\example\font\Pecita\LICENSE">
      <Filter>Resource Files\example\font\Pecita</Filter>
    </None>
    <None Include="App\example\svm\a1a_testing">
      <Filter>Resource Files\example\svm</Filter>
    </None>
    <None Include="App\example\svm\a1a_training">
      <Filter>Resource Files\example\svm</Filter>
    </None>
    <None Include="App\example\test.toml">
      <Filter>Resource Files\example</Filter>
    </None>
    <None Include="App\engine\shader\gaussian_blur_9.ps">
      <Filter>Resource Files\engine\shader</Filter>
    </None>
    <None Include="App\engine\shader\round_dot.ps">
      <Filter>Resource Files\engine\shader</Filter>
    </None>
    <None Include="App\engine\shader\sdf.ps">
      <Filter>Resource Files\engine\shader</Filter>
    </None>
    <None Include="App\engine\shader\shape.ps">
      <Filter>Resource Files\engine\shader</Filter>
    </None>
    <None Include="App\engine\shader\sprite.vs">
      <Filter>Resource Files\engine\shader</Filter>
    </None>
    <None Include="App\engine\shader\square_dot.ps">
      <Filter>Resource Files\engine\shader</Filter>
    </None>
    <None Include="App\engine\shader\texture.ps">
      <Filter>Resource Files\engine\shader</Filter>
    </None>
    <None Include="App\engine\shader\copy.ps">
      <Filter>Resource Files\engine\shader</Filter>
    </None>
    <None Include="App\engine\shader\fullscreen_triangle_draw.ps">
      <Filter>Resource Files\engine\shader</Filter>
    </None>
    <None Include="App\engine\shader\fullscreen_triangle_draw.vs">
      <Filter>Resource Files\engine\shader</Filter>
    </None>
    <None Include="App\engine\shader\fullscreen_triangle_resolve.ps">
      <Filter>Resource Files\engine\shader</Filter>
    </None>
    <None Include="App\engine\shader\fullscreen_triangle_resolve.vs">
      <Filter>Resource Files\engine\shader</Filter>
    </None>
    <None Include="App\example\shader\2d\default_shape.hlsl">
      <Filter>Resource Files\example\shader\2d</Filter>
    </None>
    <None Include="App\example\shader\2d\default_texture.hlsl">
      <Filter>Resource Files\example\shader\2d</Filter>
    </None>
    <None Include="App\example\shader\2d\game_of_life.hlsl">
      <Filter>Resource Files\example\shader\2d</Filter>
    </None>
    <None Include="App\example\shader\2d\grayscale.hlsl">
      <Filter>Resource Files\example\shader\2d</Filter>
    </None>
    <None Include="App\example\shader\2d\multi_texture_blend.hlsl">
      <Filter>Resource Files\example\shader\2d</Filter>
    </None>
    <None Include="App\example\shader\2d\multi_texture_mask.hlsl">
      <Filter>Resource Files\example\shader\2d</Filter>
    </None>
    <None Include="App\example\shader\2d\poisson_disk.hlsl">
      <Filter>Resource Files\example\shader\2d</Filter>
    </None>
    <None Include="App\example\shader\2d\posterize.hlsl">
      <Filter>Resource Files\example\shader\2d</Filter>
    </None>
    <None Include="App\example\shader\2d\rgb_shift.hlsl">
      <Filter>Resource Files\example\shader\2d</Filter>
    </None>
    <None Include="App\example\shader\2d\rgb_to_bgr.hlsl">
      <Filter>Resource Files\example\shader\2d</Filter>
    </None>
    <None Include="App\example\shader\2d\swirl.hlsl">
      <Filter>Resource Files\example\shader\2d</Filter>
    </None>
    <None Include="App\example\config\config.csv">
      <Filter>Resource Files\example\config</Filter>
    </None>
    <None Include="App\example\config\config.ini">
      <Filter>Resource Files\example\config</Filter>
    </None>
    <None Include="App\example\config\config.json">
      <Filter>Resource Files\example\config</Filter>
    </None>
    <None Include="App\example\config\config.toml">
      <Filter>Resource Files\example\config</Filter>
    </None>
  </ItemGroup>
  <ItemGroup>
    <Text Include="App\engine\font\fontawesome\LICENSE.txt">
      <Filter>Resource Files\engine\font\fontawesome</Filter>
    </Text>
    <Text Include="App\engine\font\noto\LICENSE_OFL.txt">
      <Filter>Resource Files\engine\font\noto</Filter>
    </Text>
    <Text Include="App\example\font\AnnyantRoman\readme.txt">
      <Filter>Resource Files\example\font\AnnyantRoman</Filter>
    </Text>
    <Text Include="App\example\font\NotoSansCJKjp\LICENSE_OFL.txt">
      <Filter>Resource Files\example\font\NotoSansCJKjp</Filter>
    </Text>
    <Text Include="App\example\script\paint.txt">
      <Filter>Resource Files\example\script</Filter>
    </Text>
    <Text Include="App\example\script\test.txt">
      <Filter>Resource Files\example\script</Filter>
    </Text>
    <Text Include="App\example\LICENSE.txt">
      <Filter>Resource Files\example</Filter>
    </Text>
    <Text Include="App\example\test.txt">
      <Filter>Resource Files\example</Filter>
    </Text>
  </ItemGroup>
  <ItemGroup>
    <Font Include="App\example\font\AnnyantRoman\AnnyantRoman.ttf">
      <Filter>Resource Files\example\font\AnnyantRoman</Filter>
    </Font>
    <Font Include="App\example\font\NotoSansCJKjp\NotoSansCJKjp-Regular.otf">
      <Filter>Resource Files\example\font\NotoSansCJKjp</Filter>
    </Font>
    <Font Include="App\example\font\Pecita\Pecita.otf">
      <Filter>Resource Files\example\font\Pecita</Filter>
    </Font>
  </ItemGroup>
  <ItemGroup>
    <Media Include="App\example\shot.mp3">
      <Filter>Resource Files\example</Filter>
    </Media>
    <Media Include="App\example\test.mp3">
      <Filter>Resource Files\example</Filter>
    </Media>
  </ItemGroup>
  <ItemGroup>
    <Xml Include="App\example\test.xml">
      <Filter>Resource Files\example</Filter>
    </Xml>
    <Xml Include="App\example\config\config.xml">
      <Filter>Resource Files\example\config</Filter>
    </Xml>
  </ItemGroup>
  <ItemGroup>
    <ClCompile Include="Src\Main.cpp">
      <Filter>Src</Filter>
    </ClCompile>
    <ClCompile Include="Src\MyLibrary.cpp">
      <Filter>Src</Filter>
    </ClCompile>
    <ClCompile Include="Src\Event\EventManager.cpp">
      <Filter>Src\Event</Filter>
    </ClCompile>
    <ClCompile Include="Src\Event\Event\Event.cpp">
      <Filter>Src\Event\Event</Filter>
    </ClCompile>
    <ClCompile Include="Src\Event\Event\GenerateEvent.cpp">
      <Filter>Src\Event\Event</Filter>
    </ClCompile>
    <ClCompile Include="Src\Event\Event\MoveEvent.cpp">
      <Filter>Src\Event\Event</Filter>
    </ClCompile>
    <ClCompile Include="Src\Event\Object\EventObject.cpp">
      <Filter>Src\Event\Object</Filter>
    </ClCompile>
    <ClCompile Include="Src\Event\Object\TestEventObject.cpp">
      <Filter>Src\Event\Object</Filter>
    </ClCompile>
    <ClCompile Include="Src\Event\Scene\EventScene.cpp">
      <Filter>Src\Event\Scene</Filter>
    </ClCompile>
    <ClCompile Include="Src\Event\Scene\LoadEventScene.cpp">
      <Filter>Src\Event\Scene</Filter>
    </ClCompile>
    <ClCompile Include="Src\Input\Button.cpp">
      <Filter>Src\Input</Filter>
    </ClCompile>
    <ClCompile Include="Src\Input\ButtonManager.cpp">
      <Filter>Src\Input</Filter>
    </ClCompile>
    <ClCompile Include="Src\Input\InputManager.cpp">
      <Filter>Src\Input</Filter>
    </ClCompile>
    <ClCompile Include="Src\Input\KeyInputState.cpp">
      <Filter>Src\Input</Filter>
    </ClCompile>
    <ClCompile Include="Src\Input\MouseInputState.cpp">
      <Filter>Src\Input</Filter>
    </ClCompile>
    <ClCompile Include="Src\Load\LoadScene.cpp">
      <Filter>Src\Load</Filter>
    </ClCompile>
    <ClCompile Include="Src\Record\LoadRecordScene.cpp">
      <Filter>Src\Record</Filter>
    </ClCompile>
    <ClCompile Include="Src\Record\Record.cpp">
      <Filter>Src\Record</Filter>
    </ClCompile>
    <ClCompile Include="Src\Record\RecordManager.cpp">
      <Filter>Src\Record</Filter>
    </ClCompile>
    <ClCompile Include="Src\Record\SaveRecordScene.cpp">
      <Filter>Src\Record</Filter>
    </ClCompile>
    <ClCompile Include="Src\Slice\SliceTexture.cpp">
      <Filter>Src\Slice</Filter>
    </ClCompile>
    <ClCompile Include="Src\Title\TitleScene.cpp">
      <Filter>Src\Title</Filter>
    </ClCompile>
    <ClCompile Include="Src\Event\Event\WaitEvent.cpp">
      <Filter>Src\Event\Event</Filter>
    </ClCompile>
    <ClCompile Include="Src\Event\Event\ActEvent.cpp">
      <Filter>Src\Event\Event</Filter>
    </ClCompile>
    <ClCompile Include="Src\Event\TextBox\TextBox.cpp">
      <Filter>Src\Event\TextBox</Filter>
    </ClCompile>
    <ClCompile Include="Src\Event\Event\TextEvent.cpp">
      <Filter>Src\Event\Event</Filter>
    </ClCompile>
    <ClCompile Include="Src\Adventure\AdventureObject.cpp">
      <Filter>Src\Adventure</Filter>
    </ClCompile>
    <ClCompile Include="Src\Adventure\AdventureManager.cpp">
      <Filter>Src\Adventure</Filter>
    </ClCompile>
    <ClCompile Include="Src\Adventure\AdventurePlayer.cpp">
      <Filter>Src\Adventure</Filter>
    </ClCompile>
    <ClCompile Include="Src\Adventure\Scene\LoadAdventureScene.cpp">
      <Filter>Src\Adventure\Scene</Filter>
    </ClCompile>
    <ClCompile Include="Src\Adventure\Scene\AdventureScene.cpp">
      <Filter>Src\Adventure\Scene</Filter>
    </ClCompile>
    <ClCompile Include="Src\Adventure\Window\InfoWindow.cpp">
      <Filter>Src\Adventure\Window</Filter>
    </ClCompile>
    <ClCompile Include="Src\Adventure\Window\AdventureWindow.cpp">
      <Filter>Src\Adventure\Window</Filter>
    </ClCompile>
    <ClCompile Include="Src\Game\StageData\StageData.cpp">
      <Filter>Src\Game\StageData</Filter>
    </ClCompile>
    <ClCompile Include="Src\Game\GameManager.cpp">
      <Filter>Src\Game</Filter>
    </ClCompile>
    <ClCompile Include="Src\Game\Scene\LoadGameScene.cpp">
      <Filter>Src\Game\Scene</Filter>
    </ClCompile>
    <ClCompile Include="Src\Game\Scene\GameScene.cpp">
      <Filter>Src\Game\Scene</Filter>
    </ClCompile>
    <ClCompile Include="Src\Game\Object\GameObject.cpp">
      <Filter>Src\Game\Object</Filter>
    </ClCompile>
    <ClCompile Include="Src\Game\Object\Player\GamePlayer.cpp">
      <Filter>Src\Game\Object\Player</Filter>
    </ClCompile>
    <ClCompile Include="Src\Game\Object\Enemy\GameEnemy.cpp">
      <Filter>Src\Game\Object\Enemy</Filter>
    </ClCompile>
    <ClCompile Include="Src\Game\Object\Enemy\BlackEnemy.cpp">
      <Filter>Src\Game\Object\Enemy</Filter>
    </ClCompile>
    <ClCompile Include="Src\Game\Object\Enemy\WhiteEnemy.cpp">
      <Filter>Src\Game\Object\Enemy</Filter>
    </ClCompile>
    <ClCompile Include="Src\Game\Object\Light\GameLight.cpp">
      <Filter>Src\Game\Object\Light</Filter>
    </ClCompile>
    <ClCompile Include="Src\Game\Object\Light\EnemyLight.cpp">
      <Filter>Src\Game\Object\Light</Filter>
    </ClCompile>
    <ClCompile Include="Src\Game\Object\Attack\GameAttack.cpp">
      <Filter>Src\Game\Object\Attack</Filter>
    </ClCompile>
    <ClCompile Include="Src\Game\Object\ObjectType.cpp">
      <Filter>Src\Game\Object</Filter>
    </ClCompile>
    <ClCompile Include="Src\Game\Object\Attack\ChaseEnemyAttack.cpp">
      <Filter>Src\Game\Object\Attack</Filter>
    </ClCompile>
    <ClCompile Include="Src\Cassette\CassetteManager.cpp">
      <Filter>Src\Cassette</Filter>
    </ClCompile>
    <ClCompile Include="Src\Cassette\Equipment.cpp">
      <Filter>Src\Cassette</Filter>
    </ClCompile>
    <ClCompile Include="Src\Cassette\Cassette\Cassette.cpp">
      <Filter>Src\Cassette\Cassette</Filter>
    </ClCompile>
    <ClCompile Include="Src\Game\PlayerSpeed\PlayerSpeed.cpp">
      <Filter>Src\Game\PlayerSpeed</Filter>
    </ClCompile>
    <ClCompile Include="Src\Adventure\Window\MenuWindow.cpp">
      <Filter>Src\Adventure\Window</Filter>
    </ClCompile>
    <ClCompile Include="Src\Adventure\Window\SetupWindow.cpp">
      <Filter>Src\Adventure\Window</Filter>
    </ClCompile>
    <ClCompile Include="Src\Adventure\Window\CassetteMoveWindow.cpp">
      <Filter>Src\Adventure\Window</Filter>
    </ClCompile>
    <ClCompile Include="Src\Adventure\Window\CassetteView\PossessCassetteView.cpp">
      <Filter>Src\Adventure\Window\CassetteView</Filter>
    </ClCompile>
    <ClCompile Include="Src\Adventure\Window\CassetteView\EquipmentCassetteView.cpp">
      <Filter>Src\Adventure\Window\CassetteView</Filter>
    </ClCompile>
    <ClCompile Include="Src\Game\Object\Light\PlayerLight.cpp">
      <Filter>Src\Game\Object\Light</Filter>
    </ClCompile>
    <ClCompile Include="Src\Game\Object\Light\RandomLight.cpp">
      <Filter>Src\Game\Object\Light</Filter>
    </ClCompile>
    <ClCompile Include="Src\Game\Object\Goal\GameGoal.cpp">
      <Filter>Src\Game\Object\Goal</Filter>
    </ClCompile>
    <ClCompile Include="Src\Game\Object\Light\GoalLight.cpp">
      <Filter>Src\Game\Object\Light</Filter>
    </ClCompile>
    <ClCompile Include="Src\Game\Object\Light\RootingLight.cpp">
      <Filter>Src\Game\Object\Light</Filter>
    </ClCompile>
    <ClCompile Include="Src\Game\Object\Goal\RandomGoal.cpp">
      <Filter>Src\Game\Object\Goal</Filter>
    </ClCompile>
    <ClCompile Include="Src\Game\Object\Goal\RunAwayGoal.cpp">
      <Filter>Src\Game\Object\Goal</Filter>
    </ClCompile>
    <ClCompile Include="Src\Game\Object\Light\FlashLight.cpp">
      <Filter>Src\Game\Object\Light</Filter>
    </ClCompile>
    <ClCompile Include="Src\Game\Object\Light\KokoroLight.cpp">
      <Filter>Src\Game\Object\Light</Filter>
    </ClCompile>
    <ClCompile Include="Src\Game\StageData\RunAwayData.cpp">
      <Filter>Src\Game\StageData</Filter>
    </ClCompile>
    <ClCompile Include="Src\Game\State\PlayingState.cpp">
      <Filter>Src\Game\State</Filter>
    </ClCompile>
    <ClCompile Include="Src\Game\State\ClearState.cpp">
      <Filter>Src\Game\State</Filter>
    </ClCompile>
    <ClCompile Include="Src\Game\State\GameOverState.cpp">
      <Filter>Src\Game\State</Filter>
    </ClCompile>
    <ClCompile Include="Src\Adventure\Window\ChallengeStageWindow.cpp">
      <Filter>Src\Adventure\Window</Filter>
    </ClCompile>
    <ClCompile Include="Src\Adventure\Window\AreaWindow.cpp">
      <Filter>Src\Adventure\Window</Filter>
    </ClCompile>
    <ClCompile Include="Src\Adventure\Window\SaveWindow.cpp">
      <Filter>Src\Adventure\Window</Filter>
    </ClCompile>
    <ClCompile Include="Src\Game\State\InfoState.cpp">
      <Filter>Src\Game\State</Filter>
    </ClCompile>
    <ClCompile Include="Src\Game\Object\Hole\GameHole.cpp">
      <Filter>Src\Game\Object\Hole</Filter>
    </ClCompile>
    <ClCompile Include="Src\Game\Object\Enemy\StraightWhiteEnemy.cpp">
      <Filter>Src\Game\Object\Enemy</Filter>
    </ClCompile>
    <ClCompile Include="Src\Game\Object\Hole\StraightHole.cpp">
      <Filter>Src\Game\Object\Hole</Filter>
    </ClCompile>
    <ClCompile Include="Src\Game\Object\Hole\RandomHole.cpp">
      <Filter>Src\Game\Object\Hole</Filter>
    </ClCompile>
    <ClCompile Include="Src\Game\Object\Hole\ChaseHole.cpp">
      <Filter>Src\Game\Object\Hole</Filter>
    </ClCompile>
    <ClCompile Include="Src\Game\Object\Enemy\EggWhiteEnemy.cpp">
      <Filter>Src\Game\Object\Enemy</Filter>
    </ClCompile>
    <ClCompile Include="Src\Game\Object\Hole\RandomBeetleHole.cpp" />
  </ItemGroup>
  <ItemGroup>
    <ClInclude Include="Src\MyColor.h">
      <Filter>Src</Filter>
    </ClInclude>
    <ClInclude Include="Src\MyLibrary.h">
      <Filter>Src</Filter>
    </ClInclude>
    <ClInclude Include="Src\Scene.h">
      <Filter>Src</Filter>
    </ClInclude>
    <ClInclude Include="Src\Event\EventManager.h">
      <Filter>Src\Event</Filter>
    </ClInclude>
    <ClInclude Include="Src\Event\Event\EmptyEvent.h">
      <Filter>Src\Event\Event</Filter>
    </ClInclude>
    <ClInclude Include="Src\Event\Event\Event.h">
      <Filter>Src\Event\Event</Filter>
    </ClInclude>
    <ClInclude Include="Src\Event\Event\GenerateEvent.h">
      <Filter>Src\Event\Event</Filter>
    </ClInclude>
    <ClInclude Include="Src\Event\Event\MoveEvent.h">
      <Filter>Src\Event\Event</Filter>
    </ClInclude>
    <ClInclude Include="Src\Event\Object\EventObject.h">
      <Filter>Src\Event\Object</Filter>
    </ClInclude>
    <ClInclude Include="Src\Event\Object\TestEventObject.h">
      <Filter>Src\Event\Object</Filter>
    </ClInclude>
    <ClInclude Include="Src\Event\Scene\EventScene.h">
      <Filter>Src\Event\Scene</Filter>
    </ClInclude>
    <ClInclude Include="Src\Event\Scene\LoadEventScene.h">
      <Filter>Src\Event\Scene</Filter>
    </ClInclude>
    <ClInclude Include="Src\Input\Button.h">
      <Filter>Src\Input</Filter>
    </ClInclude>
    <ClInclude Include="Src\Input\ButtonManager.h">
      <Filter>Src\Input</Filter>
    </ClInclude>
    <ClInclude Include="Src\Input\InputManager.h">
      <Filter>Src\Input</Filter>
    </ClInclude>
    <ClInclude Include="Src\Input\InputState.h">
      <Filter>Src\Input</Filter>
    </ClInclude>
    <ClInclude Include="Src\Input\KeyInputState.h">
      <Filter>Src\Input</Filter>
    </ClInclude>
    <ClInclude Include="Src\Input\MouseInputState.h">
      <Filter>Src\Input</Filter>
    </ClInclude>
    <ClInclude Include="Src\Load\LoadScene.h">
      <Filter>Src\Load</Filter>
    </ClInclude>
    <ClInclude Include="Src\Record\LoadRecordScene.h">
      <Filter>Src\Record</Filter>
    </ClInclude>
    <ClInclude Include="Src\Record\Record.h">
      <Filter>Src\Record</Filter>
    </ClInclude>
    <ClInclude Include="Src\Record\RecordManager.h">
      <Filter>Src\Record</Filter>
    </ClInclude>
    <ClInclude Include="Src\Record\SaveRecordScene.h">
      <Filter>Src\Record</Filter>
    </ClInclude>
    <ClInclude Include="Src\Slice\Linearly.h">
      <Filter>Src\Slice</Filter>
    </ClInclude>
    <ClInclude Include="Src\Slice\SliceTexture.h">
      <Filter>Src\Slice</Filter>
    </ClInclude>
    <ClInclude Include="Src\Title\TitleScene.h">
      <Filter>Src\Title</Filter>
    </ClInclude>
    <ClInclude Include="Src\Event\Event\WaitEvent.h">
      <Filter>Src\Event\Event</Filter>
    </ClInclude>
    <ClInclude Include="Src\Event\Event\ActEvent.h">
      <Filter>Src\Event\Event</Filter>
    </ClInclude>
    <ClInclude Include="Src\Event\TextBox\TextBox.h">
      <Filter>Src\Event\TextBox</Filter>
    </ClInclude>
    <ClInclude Include="Src\Event\Event\TextEvent.h">
      <Filter>Src\Event\Event</Filter>
    </ClInclude>
    <ClInclude Include="Src\Adventure\AdventureObject.h">
      <Filter>Src\Adventure</Filter>
    </ClInclude>
    <ClInclude Include="Src\Adventure\AdventureManager.h">
      <Filter>Src\Adventure</Filter>
    </ClInclude>
    <ClInclude Include="Src\Adventure\AdventurePlayer.h">
      <Filter>Src\Adventure</Filter>
    </ClInclude>
    <ClInclude Include="Src\Adventure\Scene\LoadAdventureScene.h">
      <Filter>Src\Adventure\Scene</Filter>
    </ClInclude>
    <ClInclude Include="Src\Adventure\Scene\AdventureScene.h">
      <Filter>Src\Adventure\Scene</Filter>
    </ClInclude>
    <ClInclude Include="Src\Adventure\Window\AdventureWindow.h">
      <Filter>Src\Adventure\Window</Filter>
    </ClInclude>
    <ClInclude Include="Src\Adventure\Window\InfoWindow.h">
      <Filter>Src\Adventure\Window</Filter>
    </ClInclude>
    <ClInclude Include="Src\Game\StageData\StageData.h">
      <Filter>Src\Game\StageData</Filter>
    </ClInclude>
    <ClInclude Include="Src\Game\GameManager.h">
      <Filter>Src\Game</Filter>
    </ClInclude>
    <ClInclude Include="Src\Game\Scene\LoadGameScene.h">
      <Filter>Src\Game\Scene</Filter>
    </ClInclude>
    <ClInclude Include="Src\Game\Scene\GameScene.h">
      <Filter>Src\Game\Scene</Filter>
    </ClInclude>
    <ClInclude Include="Src\Game\Object\GameObject.h">
      <Filter>Src\Game\Object</Filter>
    </ClInclude>
    <ClInclude Include="Src\Game\Object\Player\GamePlayer.h">
      <Filter>Src\Game\Object\Player</Filter>
    </ClInclude>
    <ClInclude Include="Src\Game\Object\Enemy\GameEnemy.h">
      <Filter>Src\Game\Object\Enemy</Filter>
    </ClInclude>
    <ClInclude Include="Src\Game\Object\Enemy\BlackEnemy.h">
      <Filter>Src\Game\Object\Enemy</Filter>
    </ClInclude>
    <ClInclude Include="Src\Game\Object\Enemy\WhiteEnemy.h">
      <Filter>Src\Game\Object\Enemy</Filter>
    </ClInclude>
    <ClInclude Include="Src\Game\Object\Enemy\ChaseEnemy.h">
      <Filter>Src\Game\Object\Enemy</Filter>
    </ClInclude>
    <ClInclude Include="Src\Game\Object\Light\GameLight.h">
      <Filter>Src\Game\Object\Light</Filter>
    </ClInclude>
    <ClInclude Include="Src\Game\Object\Light\EnemyLight.h">
      <Filter>Src\Game\Object\Light</Filter>
    </ClInclude>
    <ClInclude Include="Src\Game\Object\Attack\GameAttack.h">
      <Filter>Src\Game\Object\Attack</Filter>
    </ClInclude>
    <ClInclude Include="Src\Game\Object\ObjectType.h">
      <Filter>Src\Game\Object</Filter>
    </ClInclude>
    <ClInclude Include="Src\Game\Object\Attack\ChaseEnemyAttack.h">
      <Filter>Src\Game\Object\Attack</Filter>
    </ClInclude>
    <ClInclude Include="Src\Cassette\CassetteManager.h">
      <Filter>Src\Cassette</Filter>
    </ClInclude>
    <ClInclude Include="Src\Cassette\Equipment.h">
      <Filter>Src\Cassette</Filter>
    </ClInclude>
    <ClInclude Include="Src\Cassette\Cassette\Cassette.h">
      <Filter>Src\Cassette\Cassette</Filter>
    </ClInclude>
    <ClInclude Include="Src\Game\PlayerSpeed\PlayerSpeed.h">
      <Filter>Src\Game\PlayerSpeed</Filter>
    </ClInclude>
    <ClInclude Include="Src\Adventure\Window\MenuWindow.h">
      <Filter>Src\Adventure\Window</Filter>
    </ClInclude>
    <ClInclude Include="Src\Adventure\Window\SetupWindow.h">
      <Filter>Src\Adventure\Window</Filter>
    </ClInclude>
    <ClInclude Include="Src\Adventure\Window\CassetteMoveWindow.h">
      <Filter>Src\Adventure\Window</Filter>
    </ClInclude>
    <ClInclude Include="Src\Adventure\Window\CassetteView\PossessCassetteView.h">
      <Filter>Src\Adventure\Window\CassetteView</Filter>
    </ClInclude>
    <ClInclude Include="Src\Adventure\Window\CassetteView\EquipmentCassetteView.h">
      <Filter>Src\Adventure\Window\CassetteView</Filter>
    </ClInclude>
    <ClInclude Include="Src\Game\Object\Light\PlayerLight.h">
      <Filter>Src\Game\Object\Light</Filter>
    </ClInclude>
    <ClInclude Include="Src\Game\Object\Light\RandomLight.h">
      <Filter>Src\Game\Object\Light</Filter>
    </ClInclude>
    <ClInclude Include="Src\Game\Object\Light\GoalLight.h">
      <Filter>Src\Game\Object\Light</Filter>
    </ClInclude>
    <ClInclude Include="Src\Game\Object\Goal\GameGoal.h">
      <Filter>Src\Game\Object\Goal</Filter>
    </ClInclude>
    <ClInclude Include="Src\Game\Object\Light\RootingLight.h">
      <Filter>Src\Game\Object\Light</Filter>
    </ClInclude>
    <ClInclude Include="Src\Game\Object\Goal\RandomGoal.h">
      <Filter>Src\Game\Object\Goal</Filter>
    </ClInclude>
    <ClInclude Include="Src\Game\Object\Goal\RunAwayGoal.h">
      <Filter>Src\Game\Object\Goal</Filter>
    </ClInclude>
    <ClInclude Include="Src\Game\Object\Light\FlashLight.h">
      <Filter>Src\Game\Object\Light</Filter>
    </ClInclude>
    <ClInclude Include="Src\Game\Object\Light\KokoroLight.h">
      <Filter>Src\Game\Object\Light</Filter>
    </ClInclude>
    <ClInclude Include="Src\Game\StageData\RunAwayData.h">
      <Filter>Src\Game\StageData</Filter>
    </ClInclude>
    <ClInclude Include="Src\Game\State\GameState.h">
      <Filter>Src\Game\State</Filter>
    </ClInclude>
    <ClInclude Include="Src\Game\State\PlayingState.h">
      <Filter>Src\Game\State</Filter>
    </ClInclude>
    <ClInclude Include="Src\Game\State\ClearState.h">
      <Filter>Src\Game\State</Filter>
    </ClInclude>
    <ClInclude Include="Src\Game\State\GameOverState.h">
      <Filter>Src\Game\State</Filter>
    </ClInclude>
    <ClInclude Include="Src\Adventure\Window\ChallengeStageWindow.h">
      <Filter>Src\Adventure\Window</Filter>
    </ClInclude>
    <ClInclude Include="Src\Adventure\Window\AreaWindow.h">
      <Filter>Src\Adventure\Window</Filter>
    </ClInclude>
    <ClInclude Include="Src\Adventure\Window\SaveWindow.h">
      <Filter>Src\Adventure\Window</Filter>
    </ClInclude>
    <ClInclude Include="Src\Game\State\InfoState.h">
      <Filter>Src\Game\State</Filter>
    </ClInclude>
    <ClInclude Include="Src\Game\Object\Hole\GameHole.h">
      <Filter>Src\Game\Object\Hole</Filter>
    </ClInclude>
    <ClInclude Include="Src\Game\Object\Enemy\StraightWhiteEnemy.h">
      <Filter>Src\Game\Object\Enemy</Filter>
    </ClInclude>
    <ClInclude Include="Src\Game\Object\Hole\StraightHole.h">
      <Filter>Src\Game\Object\Hole</Filter>
    </ClInclude>
    <ClInclude Include="Src\Game\Object\Hole\RandomHole.h">
      <Filter>Src\Game\Object\Hole</Filter>
    </ClInclude>
    <ClInclude Include="Src\Game\Object\Hole\ChaseHole.h">
      <Filter>Src\Game\Object\Hole</Filter>
    </ClInclude>
    <ClInclude Include="Src\Game\Object\Enemy\EggWhiteEnemy.h">
      <Filter>Src\Game\Object\Enemy</Filter>
    </ClInclude>
    <ClInclude Include="Src\Game\Object\Hole\RandomBeetleHole.h">
      <Filter>Src\Game\Object\Hole</Filter>
    </ClInclude>
  </ItemGroup>
</Project>